{
  "name": "create-reason-react-app",
  "version": "0.0.0",
  "lockfileVersion": 1,
  "dependencies": {
    "harmony-reflect": {
      "version": "1.5.1",
      "resolved": "https://registry.npmjs.org/harmony-reflect/-/harmony-reflect-1.5.1.tgz",
      "integrity": "sha1-tUymF7AMyK71Wbuxez2FQx3H4yk="
    },
    "identity-obj-proxy": {
      "version": "3.0.0",
      "resolved": "https://registry.npmjs.org/identity-obj-proxy/-/identity-obj-proxy-3.0.0.tgz",
      "integrity": "sha1-lNK9qWCERT7zb7xarsN+D3nx/BQ="
    }
  }
}
